{
  "version": 4,
  "terraform_version": "1.5.6",
  "serial": 261,
  "lineage": "ee203360-03be-1652-54c6-75ec94e6960e",
  "outputs": {},
  "resources": [
    {
      "mode": "data",
      "type": "archive_file",
      "name": "zip_the_python_code",
      "provider": "provider[\"registry.terraform.io/hashicorp/archive\"]",
      "instances": [
        {
          "schema_version": 0,
          "attributes": {
            "exclude_symlink_directories": null,
            "excludes": null,
            "id": "cbfbceac40f7a78174a9d381b2362b84fa7ec866",
            "output_base64sha256": "Tti7/e6nuafrbYyN7VvHl3ODbPXiGYBCsOk2fM+4SCo=",
            "output_base64sha512": "eBnx2EzSmcmVlC5ByNUHJODD/5YsXVAQ0SRabUZ06EEPc2nGY+r3c/zEdkgXC8cGYSZBxgerZzstfMjt/PVOSw==",
            "output_file_mode": null,
            "output_md5": "e4d08ef0e9c028080c983d40cb0533d6",
            "output_path": "./python/lambda.zip",
            "output_sha": "cbfbceac40f7a78174a9d381b2362b84fa7ec866",
            "output_sha256": "4ed8bbfdeea7b9a7eb6d8c8ded5bc79773836cf5e2198042b0e9367ccfb8482a",
            "output_sha512": "7819f1d84cd299c995942e41c8d50724e0c3ff962c5d5010d1245a6d4674e8410f7369c663eaf773fcc47648170bc706612641c607ab673b2d7cc8edfcf54e4b",
            "output_size": 442,
            "source": [],
            "source_content": null,
            "source_content_filename": null,
            "source_dir": "./python/",
            "source_file": null,
            "type": "zip"
          },
          "sensitive_attributes": []
        }
      ]
    },
    {
      "mode": "managed",
      "type": "aws_api_gateway_deployment",
      "name": "deployment",
      "provider": "provider[\"registry.terraform.io/hashicorp/aws\"]",
      "instances": [
        {
          "schema_version": 0,
          "attributes": {
            "created_date": "2023-10-26T05:11:17Z",
            "description": "",
            "execution_arn": "arn:aws:execute-api:us-east-1::tb6fqb60vu/dev",
            "id": "lyy4bpcx7v",
            "invoke_url": "https://tb6fqb60vu.execute-api.us-east-1.amazonaws.com/dev",
            "rest_api_id": "tb6fqb60vu",
            "stage_description": null,
            "stage_name": "dev",
            "variables": null
          },
          "sensitive_attributes": [],
          "private": "bnVsbA==",
          "dependencies": [
            "aws_api_gateway_integration.integration",
            "aws_api_gateway_method.gatewayMethod",
            "aws_api_gateway_resource.gatewayResource",
            "aws_api_gateway_rest_api.gateway",
            "aws_iam_policy.iam_policy_for_lambda",
            "aws_iam_role.lambda_role",
            "aws_iam_role_policy_attachment.attach_iam_policy_to_iam_role",
            "aws_lambda_function.terraform_lambda_func"
          ],
          "create_before_destroy": true
        }
      ]
    },
    {
      "mode": "managed",
      "type": "aws_api_gateway_integration",
      "name": "integration",
      "provider": "provider[\"registry.terraform.io/hashicorp/aws\"]",
      "instances": [
        {
          "schema_version": 0,
          "attributes": {
            "cache_key_parameters": null,
            "cache_namespace": "n9j7bha4rq",
            "connection_id": "",
            "connection_type": "INTERNET",
            "content_handling": "",
            "credentials": "",
            "http_method": "ANY",
            "id": "agi-tb6fqb60vu-n9j7bha4rq-ANY",
            "integration_http_method": "POST",
            "passthrough_behavior": "WHEN_NO_MATCH",
            "request_parameters": {
              "integration.request.path.proxy": "method.request.path.proxy"
            },
            "request_parameters_in_json": null,
            "request_templates": null,
            "resource_id": "n9j7bha4rq",
            "rest_api_id": "tb6fqb60vu",
            "timeout_milliseconds": 29000,
            "type": "AWS_PROXY",
            "uri": "arn:aws:apigateway:us-east-1:lambda:path/2015-03-31/functions/arn:aws:lambda:us-east-1:000000000000:function:lambda_handler/invocations"
          },
          "sensitive_attributes": [],
          "private": "bnVsbA==",
          "dependencies": [
            "aws_api_gateway_method.gatewayMethod",
            "aws_api_gateway_resource.gatewayResource",
            "aws_api_gateway_rest_api.gateway",
            "aws_iam_policy.iam_policy_for_lambda",
            "aws_iam_role.lambda_role",
            "aws_iam_role_policy_attachment.attach_iam_policy_to_iam_role",
            "aws_lambda_function.terraform_lambda_func"
          ],
          "create_before_destroy": true
        }
      ]
    },
    {
      "mode": "managed",
      "type": "aws_api_gateway_integration_response",
      "name": "response_200",
      "provider": "provider[\"registry.terraform.io/hashicorp/aws\"]",
      "instances": [
        {
          "schema_version": 0,
          "attributes": {
            "content_handling": "",
            "http_method": "ANY",
            "id": "agir-tb6fqb60vu-n9j7bha4rq-ANY-200",
            "resource_id": "n9j7bha4rq",
            "response_parameters": {
              "method.response.header.Access-Control-Allow-Origin": "'*'",
              "method.response.header.Content-Type": "'text/html'"
            },
            "response_parameters_in_json": null,
            "response_templates": {
              "text/html": "$input.path('$')"
            },
            "rest_api_id": "tb6fqb60vu",
            "selection_pattern": "",
            "status_code": "200"
          },
          "sensitive_attributes": [],
          "private": "bnVsbA==",
          "dependencies": [
            "aws_api_gateway_integration.integration",
            "aws_api_gateway_method.gatewayMethod",
            "aws_api_gateway_method_response.response_200",
            "aws_api_gateway_resource.gatewayResource",
            "aws_api_gateway_rest_api.gateway",
            "aws_iam_policy.iam_policy_for_lambda",
            "aws_iam_role.lambda_role",
            "aws_iam_role_policy_attachment.attach_iam_policy_to_iam_role",
            "aws_lambda_function.terraform_lambda_func"
          ]
        }
      ]
    },
    {
      "mode": "managed",
      "type": "aws_api_gateway_method",
      "name": "gatewayMethod",
      "provider": "provider[\"registry.terraform.io/hashicorp/aws\"]",
      "instances": [
        {
          "schema_version": 0,
          "attributes": {
            "api_key_required": false,
            "authorization": "NONE",
            "authorization_scopes": null,
            "authorizer_id": null,
            "http_method": "ANY",
            "id": "agm-tb6fqb60vu-n9j7bha4rq-ANY",
            "request_models": null,
            "request_parameters": null,
            "request_parameters_in_json": null,
            "request_validator_id": null,
            "resource_id": "n9j7bha4rq",
            "rest_api_id": "tb6fqb60vu"
          },
          "sensitive_attributes": [],
          "private": "bnVsbA==",
          "dependencies": [
            "aws_api_gateway_resource.gatewayResource",
            "aws_api_gateway_rest_api.gateway"
          ],
          "create_before_destroy": true
        }
      ]
    },
    {
      "mode": "managed",
      "type": "aws_api_gateway_method_response",
      "name": "response_200",
      "provider": "provider[\"registry.terraform.io/hashicorp/aws\"]",
      "instances": [
        {
          "schema_version": 0,
          "attributes": {
            "http_method": "ANY",
            "id": "agmr-tb6fqb60vu-n9j7bha4rq-ANY-200",
            "resource_id": "n9j7bha4rq",
            "response_models": null,
            "response_parameters": null,
            "response_parameters_in_json": null,
            "rest_api_id": "tb6fqb60vu",
            "status_code": "200"
          },
          "sensitive_attributes": [],
          "private": "bnVsbA==",
          "dependencies": [
            "aws_api_gateway_method.gatewayMethod",
            "aws_api_gateway_resource.gatewayResource",
            "aws_api_gateway_rest_api.gateway"
          ]
        }
      ]
    },
    {
      "mode": "managed",
      "type": "aws_api_gateway_resource",
      "name": "gatewayResource",
      "provider": "provider[\"registry.terraform.io/hashicorp/aws\"]",
      "instances": [
        {
          "schema_version": 0,
          "attributes": {
            "id": "n9j7bha4rq",
            "parent_id": "8lkp9gvx5g",
            "path": "/{proxy+}",
            "path_part": "{proxy+}",
            "rest_api_id": "tb6fqb60vu"
          },
          "sensitive_attributes": [],
          "private": "bnVsbA==",
          "dependencies": [
            "aws_api_gateway_rest_api.gateway"
          ],
          "create_before_destroy": true
        }
      ]
    },
    {
      "mode": "managed",
      "type": "aws_api_gateway_rest_api",
      "name": "gateway",
      "provider": "provider[\"registry.terraform.io/hashicorp/aws\"]",
      "instances": [
        {
          "schema_version": 0,
          "attributes": {
            "api_key_source": "HEADER",
            "arn": "arn:aws:apigateway:us-east-1::/restapis/tb6fqb60vu",
            "binary_media_types": null,
            "body": null,
            "created_date": "2023-10-26T05:11:13Z",
            "description": "This is my API for demonstration purposes",
            "endpoint_configuration": [
              {
                "types": [
                  "EDGE"
                ]
              }
            ],
            "execution_arn": "arn:aws:execute-api:us-east-1::tb6fqb60vu",
            "id": "tb6fqb60vu",
            "minimum_compression_size": -1,
            "name": "gateway",
            "policy": "",
            "root_resource_id": "8lkp9gvx5g",
            "tags": null
          },
          "sensitive_attributes": [],
          "private": "bnVsbA==",
          "create_before_destroy": true
        }
      ]
    },
    {
      "mode": "managed",
      "type": "aws_cloudwatch_log_group",
      "name": "apigateway",
      "provider": "provider[\"registry.terraform.io/hashicorp/aws\"]",
      "instances": [
        {
          "schema_version": 0,
          "attributes": {
            "arn": "arn:aws:logs:us-east-1:000000000000:log-group:/aws/apigateway/gateway:*",
            "id": "/aws/apigateway/gateway",
            "kms_key_id": "",
            "name": "/aws/apigateway/gateway",
            "name_prefix": null,
            "retention_in_days": 3,
            "tags": null
          },
          "sensitive_attributes": [],
          "private": "bnVsbA==",
          "dependencies": [
            "aws_api_gateway_rest_api.gateway"
          ]
        }
      ]
    },
    {
      "mode": "managed",
      "type": "aws_dynamodb_table",
      "name": "example",
      "provider": "provider[\"registry.terraform.io/hashicorp/aws\"]",
      "instances": [
        {
          "schema_version": 1,
          "attributes": {
            "arn": "arn:aws:dynamodb:us-east-1:000000000000:table/example",
            "attribute": [
              {
                "name": "ID",
                "type": "N"
              }
            ],
            "billing_mode": "PROVISIONED",
            "global_secondary_index": [],
            "hash_key": "ID",
            "id": "example",
            "local_secondary_index": [],
            "name": "example",
            "point_in_time_recovery": [
              {
                "enabled": false
              }
            ],
            "range_key": null,
            "read_capacity": 20,
            "server_side_encryption": [],
            "stream_arn": "",
            "stream_enabled": false,
            "stream_label": "",
            "stream_view_type": "",
            "tags": null,
            "timeouts": null,
            "ttl": [
              {
                "attribute_name": "",
                "enabled": false
              }
            ],
            "write_capacity": 20
          },
          "sensitive_attributes": [],
          "private": "eyJlMmJmYjczMC1lY2FhLTExZTYtOGY4OC0zNDM2M2JjN2M0YzAiOnsiY3JlYXRlIjo2MDAwMDAwMDAwMDAsImRlbGV0ZSI6NjAwMDAwMDAwMDAwLCJ1cGRhdGUiOjM2MDAwMDAwMDAwMDB9LCJzY2hlbWFfdmVyc2lvbiI6IjEifQ=="
        }
      ]
    },
    {
      "mode": "managed",
      "type": "aws_iam_policy",
      "name": "iam_policy_for_lambda",
      "provider": "provider[\"registry.terraform.io/hashicorp/aws\"]",
      "instances": [
        {
          "schema_version": 0,
          "attributes": {
            "arn": "arn:aws:iam::000000000000:policy/aws_iam_policy_for_terraform_aws_lambda_role",
            "description": "AWS IAM Policy for managing aws lambda role",
            "id": "arn:aws:iam::000000000000:policy/aws_iam_policy_for_terraform_aws_lambda_role",
            "name": "aws_iam_policy_for_terraform_aws_lambda_role",
            "name_prefix": null,
            "path": "/",
            "policy": "{\n \"Version\": \"2012-10-17\",\n \"Statement\": [\n   {\n     \"Action\": [\n       \"logs:CreateLogGroup\",\n       \"logs:CreateLogStream\",\n       \"logs:PutLogEvents\"\n     ],\n     \"Resource\": \"arn:aws:logs:*:*:*\",\n     \"Effect\": \"Allow\"\n   }\n ]\n}\n"
          },
          "sensitive_attributes": [],
          "private": "bnVsbA==",
          "create_before_destroy": true
        }
      ]
    },
    {
      "mode": "managed",
      "type": "aws_iam_role",
      "name": "lambda_role",
      "provider": "provider[\"registry.terraform.io/hashicorp/aws\"]",
      "instances": [
        {
          "schema_version": 0,
          "attributes": {
            "arn": "arn:aws:iam::000000000000:role/lambda_it_out",
            "assume_role_policy": "{\n \"Version\": \"2012-10-17\",\n \"Statement\": [\n   {\n     \"Action\": \"sts:AssumeRole\",\n     \"Principal\": {\n       \"Service\": \"lambda.amazonaws.com\"\n     },\n     \"Effect\": \"Allow\",\n     \"Sid\": \"\"\n   }\n ]\n}\n",
            "create_date": "2023-10-26T05:11:13Z",
            "description": "",
            "force_detach_policies": false,
            "id": "lambda_it_out",
            "max_session_duration": 3600,
            "name": "lambda_it_out",
            "name_prefix": null,
            "path": "/",
            "permissions_boundary": null,
            "tags": null,
            "unique_id": "AROAQAAAAAAAEWZ7XMHEX"
          },
          "sensitive_attributes": [],
          "private": "bnVsbA==",
          "create_before_destroy": true
        }
      ]
    },
    {
      "mode": "managed",
      "type": "aws_iam_role_policy_attachment",
      "name": "attach_iam_policy_to_iam_role",
      "provider": "provider[\"registry.terraform.io/hashicorp/aws\"]",
      "instances": [
        {
          "schema_version": 0,
          "attributes": {
            "id": "lambda_it_out-20231026051114880300000001",
            "policy_arn": "arn:aws:iam::000000000000:policy/aws_iam_policy_for_terraform_aws_lambda_role",
            "role": "lambda_it_out"
          },
          "sensitive_attributes": [],
          "private": "bnVsbA==",
          "dependencies": [
            "aws_iam_policy.iam_policy_for_lambda",
            "aws_iam_role.lambda_role"
          ],
          "create_before_destroy": true
        }
      ]
    },
    {
      "mode": "managed",
      "type": "aws_lambda_function",
      "name": "terraform_lambda_func",
      "provider": "provider[\"registry.terraform.io/hashicorp/aws\"]",
      "instances": [
        {
          "schema_version": 0,
          "attributes": {
            "arn": "arn:aws:lambda:us-east-1:000000000000:function:lambda_handler",
            "dead_letter_config": [],
            "description": "",
            "environment": [],
            "filename": "./python/lambda.zip",
            "function_name": "lambda_handler",
            "handler": "index.lambda_handler",
            "id": "lambda_handler",
            "invoke_arn": "arn:aws:apigateway:us-east-1:lambda:path/2015-03-31/functions/arn:aws:lambda:us-east-1:000000000000:function:lambda_handler/invocations",
            "kms_key_arn": "",
            "last_modified": "2023-10-26T05:11:15.712753+0000",
            "layers": null,
            "memory_size": 128,
            "publish": false,
            "qualified_arn": "arn:aws:lambda:us-east-1:000000000000:function:lambda_handler:$LATEST",
            "reserved_concurrent_executions": -1,
            "role": "arn:aws:iam::000000000000:role/lambda_it_out",
            "runtime": "python3.8",
            "s3_bucket": null,
            "s3_key": null,
            "s3_object_version": null,
            "source_code_hash": "Tti7/e6nuafrbYyN7VvHl3ODbPXiGYBCsOk2fM+4SCo=",
            "source_code_size": 442,
            "tags": null,
            "timeout": 3,
            "timeouts": null,
            "tracing_config": [
              {
                "mode": "PassThrough"
              }
            ],
            "version": "$LATEST",
            "vpc_config": []
          },
          "sensitive_attributes": [],
          "private": "eyJlMmJmYjczMC1lY2FhLTExZTYtOGY4OC0zNDM2M2JjN2M0YzAiOnsiY3JlYXRlIjo2MDAwMDAwMDAwMDB9fQ==",
          "dependencies": [
            "aws_iam_policy.iam_policy_for_lambda",
            "aws_iam_role.lambda_role",
            "aws_iam_role_policy_attachment.attach_iam_policy_to_iam_role"
          ],
          "create_before_destroy": true
        }
      ]
    }
  ],
  "check_results": null
}
